Microsoft Visual Studio Solution File, Format Version 12.00
# Visual Studio Version 17
VisualStudioVersion = 17.11.35219.272
MinimumVisualStudioVersion = 10.0.40219.1
Project("{FAE04EC0-301F-11D3-BF4B-00C04F79EFBC}") = "ZWaveController", "ZWaveController\ZWaveController.csproj", "{DD57A974-E2E4-4E8E-9847-C7BAC0BB94A0}"
	ProjectSection(ProjectDependencies) = postProject
		{8ACFB772-98F3-48FE-85AE-3F06DA2EA60B} = {8ACFB772-98F3-48FE-85AE-3F06DA2EA60B}
	EndProjectSection
EndProject
Project("{2150E333-8FDC-42A3-9474-1A3956D46DE8}") = "ZWaveDll", "ZWaveDll", "{BB00515A-3CE5-4A0C-B9A2-BF3345153D87}"
EndProject
Project("{FAE04EC0-301F-11D3-BF4B-00C04F79EFBC}") = "ZWaveControllerUI", "ZWaveControllerUI\ZWaveControllerUI.csproj", "{CBCD0B30-1DA2-4B4E-977C-631FF02887CA}"
EndProject
Project("{FAE04EC0-301F-11D3-BF4B-00C04F79EFBC}") = "BasicApplication", "..\z-wave-tools-core\BasicApplication\BasicApplication.csproj", "{2E351174-ED53-4E8A-A065-3E15A7E228B5}"
EndProject
Project("{FAE04EC0-301F-11D3-BF4B-00C04F79EFBC}") = "Utils", "..\z-wave-tools-core\Utils\Utils.csproj", "{6C298CDF-2B64-4BE7-B9D4-449D5F30E57F}"
EndProject
Project("{FAE04EC0-301F-11D3-BF4B-00C04F79EFBC}") = "ZipApplication", "..\z-wave-tools-core\ZipApplication\ZipApplication.csproj", "{8ACFB772-98F3-48FE-85AE-3F06DA2EA60B}"
EndProject
Project("{FAE04EC0-301F-11D3-BF4B-00C04F79EFBC}") = "ZWave", "..\z-wave-tools-core\ZWave\ZWave.csproj", "{B214D482-57EB-42BE-AEC7-D64850F56514}"
EndProject
Project("{FAE04EC0-301F-11D3-BF4B-00C04F79EFBC}") = "ZWaveXml", "..\z-wave-tools-core\ZWaveXml\ZWaveXml.csproj", "{FEB030F9-A44A-4C72-9C28-C8FA186995FB}"
EndProject
Project("{9A19103F-16F7-4668-BE54-9A1E7A4F7556}") = "ZWaveCLI", "ZWaveCLI\ZWaveCLI.csproj", "{A1234567-89AB-CDEF-0123-456789ABCDEF}"
EndProject
Project("{9A19103F-16F7-4668-BE54-9A1E7A4F7556}") = "ZWaveCLI.Tests", "ZWaveCLI.Tests\ZWaveCLI.Tests.csproj", "{B1234567-89AB-CDEF-0123-456789ABCDEF}"
EndProject
Global
	GlobalSection(SolutionConfigurationPlatforms) = preSolution
		Debug|Any CPU = Debug|Any CPU
		Debug|x64 = Debug|x64
		Release|Any CPU = Release|Any CPU
		Release|x64 = Release|x64
		Setup_Debug|Any CPU = Setup_Debug|Any CPU
		Setup_Debug|x64 = Setup_Debug|x64
		Setup_Release|Any CPU = Setup_Release|Any CPU
		Setup_Release|x64 = Setup_Release|x64
	EndGlobalSection
	GlobalSection(ProjectConfigurationPlatforms) = postSolution
		{DD57A974-E2E4-4E8E-9847-C7BAC0BB94A0}.Debug|Any CPU.ActiveCfg = Debug|Any CPU
		{DD57A974-E2E4-4E8E-9847-C7BAC0BB94A0}.Debug|Any CPU.Build.0 = Debug|Any CPU
		{DD57A974-E2E4-4E8E-9847-C7BAC0BB94A0}.Debug|x64.ActiveCfg = Debug|Any CPU
		{DD57A974-E2E4-4E8E-9847-C7BAC0BB94A0}.Debug|x64.Build.0 = Debug|Any CPU
		{DD57A974-E2E4-4E8E-9847-C7BAC0BB94A0}.Release|Any CPU.ActiveCfg = Release|Any CPU
		{DD57A974-E2E4-4E8E-9847-C7BAC0BB94A0}.Release|Any CPU.Build.0 = Release|Any CPU
		{DD57A974-E2E4-4E8E-9847-C7BAC0BB94A0}.Release|x64.ActiveCfg = Release|Any CPU
		{DD57A974-E2E4-4E8E-9847-C7BAC0BB94A0}.Release|x64.Build.0 = Release|Any CPU
		{DD57A974-E2E4-4E8E-9847-C7BAC0BB94A0}.Setup_Debug|Any CPU.ActiveCfg = Debug|Any CPU
		{DD57A974-E2E4-4E8E-9847-C7BAC0BB94A0}.Setup_Debug|x64.ActiveCfg = Debug|Any CPU
		{DD57A974-E2E4-4E8E-9847-C7BAC0BB94A0}.Setup_Debug|x64.Build.0 = Debug|Any CPU
		{DD57A974-E2E4-4E8E-9847-C7BAC0BB94A0}.Setup_Release|Any CPU.ActiveCfg = Release|Any CPU
		{DD57A974-E2E4-4E8E-9847-C7BAC0BB94A0}.Setup_Release|x64.ActiveCfg = Release|Any CPU
		{DD57A974-E2E4-4E8E-9847-C7BAC0BB94A0}.Setup_Release|x64.Build.0 = Release|Any CPU
		{CBCD0B30-1DA2-4B4E-977C-631FF02887CA}.Debug|Any CPU.ActiveCfg = Debug|Any CPU
		{CBCD0B30-1DA2-4B4E-977C-631FF02887CA}.Debug|Any CPU.Build.0 = Debug|Any CPU
		{CBCD0B30-1DA2-4B4E-977C-631FF02887CA}.Debug|x64.ActiveCfg = Debug|Any CPU
		{CBCD0B30-1DA2-4B4E-977C-631FF02887CA}.Debug|x64.Build.0 = Debug|Any CPU
		{CBCD0B30-1DA2-4B4E-977C-631FF02887CA}.Release|Any CPU.ActiveCfg = Release|Any CPU
		{CBCD0B30-1DA2-4B4E-977C-631FF02887CA}.Release|Any CPU.Build.0 = Release|Any CPU
		{CBCD0B30-1DA2-4B4E-977C-631FF02887CA}.Release|x64.ActiveCfg = Release|Any CPU
		{CBCD0B30-1DA2-4B4E-977C-631FF02887CA}.Release|x64.Build.0 = Release|Any CPU
		{CBCD0B30-1DA2-4B4E-977C-631FF02887CA}.Setup_Debug|Any CPU.ActiveCfg = Debug|Any CPU
		{CBCD0B30-1DA2-4B4E-977C-631FF02887CA}.Setup_Debug|x64.ActiveCfg = Debug|Any CPU
		{CBCD0B30-1DA2-4B4E-977C-631FF02887CA}.Setup_Debug|x64.Build.0 = Debug|Any CPU
		{CBCD0B30-1DA2-4B4E-977C-631FF02887CA}.Setup_Release|Any CPU.ActiveCfg = Release|Any CPU
		{CBCD0B30-1DA2-4B4E-977C-631FF02887CA}.Setup_Release|x64.ActiveCfg = Release|Any CPU
		{CBCD0B30-1DA2-4B4E-977C-631FF02887CA}.Setup_Release|x64.Build.0 = Release|Any CPU
		{2E351174-ED53-4E8A-A065-3E15A7E228B5}.Debug|Any CPU.ActiveCfg = Debug|Any CPU
		{2E351174-ED53-4E8A-A065-3E15A7E228B5}.Debug|Any CPU.Build.0 = Debug|Any CPU
		{2E351174-ED53-4E8A-A065-3E15A7E228B5}.Debug|x64.ActiveCfg = Debug|Any CPU
		{2E351174-ED53-4E8A-A065-3E15A7E228B5}.Debug|x64.Build.0 = Debug|Any CPU
		{2E351174-ED53-4E8A-A065-3E15A7E228B5}.Release|Any CPU.ActiveCfg = Release|Any CPU
		{2E351174-ED53-4E8A-A065-3E15A7E228B5}.Release|Any CPU.Build.0 = Release|Any CPU
		{2E351174-ED53-4E8A-A065-3E15A7E228B5}.Release|x64.ActiveCfg = Release|Any CPU
		{2E351174-ED53-4E8A-A065-3E15A7E228B5}.Release|x64.Build.0 = Release|Any CPU
		{2E351174-ED53-4E8A-A065-3E15A7E228B5}.Setup_Debug|Any CPU.ActiveCfg = Debug|Any CPU
		{2E351174-ED53-4E8A-A065-3E15A7E228B5}.Setup_Debug|Any CPU.Build.0 = Debug|Any CPU
		{2E351174-ED53-4E8A-A065-3E15A7E228B5}.Setup_Debug|x64.ActiveCfg = Debug|Any CPU
		{2E351174-ED53-4E8A-A065-3E15A7E228B5}.Setup_Debug|x64.Build.0 = Debug|Any CPU
		{2E351174-ED53-4E8A-A065-3E15A7E228B5}.Setup_Release|Any CPU.ActiveCfg = Release|Any CPU
		{2E351174-ED53-4E8A-A065-3E15A7E228B5}.Setup_Release|Any CPU.Build.0 = Release|Any CPU
		{2E351174-ED53-4E8A-A065-3E15A7E228B5}.Setup_Release|x64.ActiveCfg = Release|Any CPU
		{2E351174-ED53-4E8A-A065-3E15A7E228B5}.Setup_Release|x64.Build.0 = Release|Any CPU
		{6C298CDF-2B64-4BE7-B9D4-449D5F30E57F}.Debug|Any CPU.ActiveCfg = Debug|Any CPU
		{6C298CDF-2B64-4BE7-B9D4-449D5F30E57F}.Debug|Any CPU.Build.0 = Debug|Any CPU
		{6C298CDF-2B64-4BE7-B9D4-449D5F30E57F}.Debug|x64.ActiveCfg = Debug|Any CPU
		{6C298CDF-2B64-4BE7-B9D4-449D5F30E57F}.Debug|x64.Build.0 = Debug|Any CPU
		{6C298CDF-2B64-4BE7-B9D4-449D5F30E57F}.Release|Any CPU.ActiveCfg = Release|Any CPU
		{6C298CDF-2B64-4BE7-B9D4-449D5F30E57F}.Release|Any CPU.Build.0 = Release|Any CPU
		{6C298CDF-2B64-4BE7-B9D4-449D5F30E57F}.Release|x64.ActiveCfg = Release|Any CPU
		{6C298CDF-2B64-4BE7-B9D4-449D5F30E57F}.Release|x64.Build.0 = Release|Any CPU
		{6C298CDF-2B64-4BE7-B9D4-449D5F30E57F}.Setup_Debug|Any CPU.ActiveCfg = Debug|Any CPU
		{6C298CDF-2B64-4BE7-B9D4-449D5F30E57F}.Setup_Debug|Any CPU.Build.0 = Debug|Any CPU
		{6C298CDF-2B64-4BE7-B9D4-449D5F30E57F}.Setup_Debug|x64.ActiveCfg = Debug|Any CPU
		{6C298CDF-2B64-4BE7-B9D4-449D5F30E57F}.Setup_Debug|x64.Build.0 = Debug|Any CPU
		{6C298CDF-2B64-4BE7-B9D4-449D5F30E57F}.Setup_Release|Any CPU.ActiveCfg = Release|Any CPU
		{6C298CDF-2B64-4BE7-B9D4-449D5F30E57F}.Setup_Release|Any CPU.Build.0 = Release|Any CPU
		{6C298CDF-2B64-4BE7-B9D4-449D5F30E57F}.Setup_Release|x64.ActiveCfg = Release|Any CPU
		{6C298CDF-2B64-4BE7-B9D4-449D5F30E57F}.Setup_Release|x64.Build.0 = Release|Any CPU
		{8ACFB772-98F3-48FE-85AE-3F06DA2EA60B}.Debug|Any CPU.ActiveCfg = Debug|Any CPU
		{8ACFB772-98F3-48FE-85AE-3F06DA2EA60B}.Debug|Any CPU.Build.0 = Debug|Any CPU
		{8ACFB772-98F3-48FE-85AE-3F06DA2EA60B}.Debug|x64.ActiveCfg = Debug|Any CPU
		{8ACFB772-98F3-48FE-85AE-3F06DA2EA60B}.Debug|x64.Build.0 = Debug|Any CPU
		{8ACFB772-98F3-48FE-85AE-3F06DA2EA60B}.Release|Any CPU.ActiveCfg = Release|Any CPU
		{8ACFB772-98F3-48FE-85AE-3F06DA2EA60B}.Release|Any CPU.Build.0 = Release|Any CPU
		{8ACFB772-98F3-48FE-85AE-3F06DA2EA60B}.Release|x64.ActiveCfg = Release|Any CPU
		{8ACFB772-98F3-48FE-85AE-3F06DA2EA60B}.Release|x64.Build.0 = Release|Any CPU
		{8ACFB772-98F3-48FE-85AE-3F06DA2EA60B}.Setup_Debug|Any CPU.ActiveCfg = Debug|Any CPU
		{8ACFB772-98F3-48FE-85AE-3F06DA2EA60B}.Setup_Debug|Any CPU.Build.0 = Debug|Any CPU
		{8ACFB772-98F3-48FE-85AE-3F06DA2EA60B}.Setup_Debug|x64.ActiveCfg = Debug|Any CPU
		{8ACFB772-98F3-48FE-85AE-3F06DA2EA60B}.Setup_Debug|x64.Build.0 = Debug|Any CPU
		{8ACFB772-98F3-48FE-85AE-3F06DA2EA60B}.Setup_Release|Any CPU.ActiveCfg = Release|Any CPU
		{8ACFB772-98F3-48FE-85AE-3F06DA2EA60B}.Setup_Release|Any CPU.Build.0 = Release|Any CPU
		{8ACFB772-98F3-48FE-85AE-3F06DA2EA60B}.Setup_Release|x64.ActiveCfg = Release|Any CPU
		{8ACFB772-98F3-48FE-85AE-3F06DA2EA60B}.Setup_Release|x64.Build.0 = Release|Any CPU
		{B214D482-57EB-42BE-AEC7-D64850F56514}.Debug|Any CPU.ActiveCfg = Debug|Any CPU
		{B214D482-57EB-42BE-AEC7-D64850F56514}.Debug|Any CPU.Build.0 = Debug|Any CPU
		{B214D482-57EB-42BE-AEC7-D64850F56514}.Debug|x64.ActiveCfg = Debug|x64
		{B214D482-57EB-42BE-AEC7-D64850F56514}.Debug|x64.Build.0 = Debug|x64
		{B214D482-57EB-42BE-AEC7-D64850F56514}.Release|Any CPU.ActiveCfg = Release|Any CPU
		{B214D482-57EB-42BE-AEC7-D64850F56514}.Release|Any CPU.Build.0 = Release|Any CPU
		{B214D482-57EB-42BE-AEC7-D64850F56514}.Release|x64.ActiveCfg = Release|x64
		{B214D482-57EB-42BE-AEC7-D64850F56514}.Release|x64.Build.0 = Release|x64
		{B214D482-57EB-42BE-AEC7-D64850F56514}.Setup_Debug|Any CPU.ActiveCfg = Debug|Any CPU
		{B214D482-57EB-42BE-AEC7-D64850F56514}.Setup_Debug|Any CPU.Build.0 = Debug|Any CPU
		{B214D482-57EB-42BE-AEC7-D64850F56514}.Setup_Debug|x64.ActiveCfg = Debug|x64
		{B214D482-57EB-42BE-AEC7-D64850F56514}.Setup_Debug|x64.Build.0 = Debug|x64
		{B214D482-57EB-42BE-AEC7-D64850F56514}.Setup_Release|Any CPU.ActiveCfg = Release|Any CPU
		{B214D482-57EB-42BE-AEC7-D64850F56514}.Setup_Release|Any CPU.Build.0 = Release|Any CPU
		{B214D482-57EB-42BE-AEC7-D64850F56514}.Setup_Release|x64.ActiveCfg = Release|x64
		{B214D482-57EB-42BE-AEC7-D64850F56514}.Setup_Release|x64.Build.0 = Release|x64
		{FEB030F9-A44A-4C72-9C28-C8FA186995FB}.Debug|Any CPU.ActiveCfg = Debug|Any CPU
		{FEB030F9-A44A-4C72-9C28-C8FA186995FB}.Debug|Any CPU.Build.0 = Debug|Any CPU
		{FEB030F9-A44A-4C72-9C28-C8FA186995FB}.Debug|x64.ActiveCfg = Debug|Any CPU
		{FEB030F9-A44A-4C72-9C28-C8FA186995FB}.Debug|x64.Build.0 = Debug|Any CPU
		{FEB030F9-A44A-4C72-9C28-C8FA186995FB}.Release|Any CPU.ActiveCfg = Release|Any CPU
		{FEB030F9-A44A-4C72-9C28-C8FA186995FB}.Release|Any CPU.Build.0 = Release|Any CPU
		{FEB030F9-A44A-4C72-9C28-C8FA186995FB}.Release|x64.ActiveCfg = Release|Any CPU
		{FEB030F9-A44A-4C72-9C28-C8FA186995FB}.Release|x64.Build.0 = Release|Any CPU
		{FEB030F9-A44A-4C72-9C28-C8FA186995FB}.Setup_Debug|Any CPU.ActiveCfg = Debug|Any CPU
		{FEB030F9-A44A-4C72-9C28-C8FA186995FB}.Setup_Debug|Any CPU.Build.0 = Debug|Any CPU
		{FEB030F9-A44A-4C72-9C28-C8FA186995FB}.Setup_Debug|x64.ActiveCfg = Debug|Any CPU
		{FEB030F9-A44A-4C72-9C28-C8FA186995FB}.Setup_Debug|x64.Build.0 = Debug|Any CPU
		{FEB030F9-A44A-4C72-9C28-C8FA186995FB}.Setup_Release|Any CPU.ActiveCfg = Release|Any CPU
		{FEB030F9-A44A-4C72-9C28-C8FA186995FB}.Setup_Release|Any CPU.Build.0 = Release|Any CPU
		{FEB030F9-A44A-4C72-9C28-C8FA186995FB}.Setup_Release|x64.ActiveCfg = Release|Any CPU
		{FEB030F9-A44A-4C72-9C28-C8FA186995FB}.Setup_Release|x64.Build.0 = Release|Any CPU
		{A1234567-89AB-CDEF-0123-456789ABCDEF}.Debug|Any CPU.ActiveCfg = Debug|Any CPU
		{A1234567-89AB-CDEF-0123-456789ABCDEF}.Debug|Any CPU.Build.0 = Debug|Any CPU
		{A1234567-89AB-CDEF-0123-456789ABCDEF}.Debug|x64.ActiveCfg = Debug|Any CPU
		{A1234567-89AB-CDEF-0123-456789ABCDEF}.Debug|x64.Build.0 = Debug|Any CPU
		{A1234567-89AB-CDEF-0123-456789ABCDEF}.Release|Any CPU.ActiveCfg = Release|Any CPU
		{A1234567-89AB-CDEF-0123-456789ABCDEF}.Release|Any CPU.Build.0 = Release|Any CPU
		{A1234567-89AB-CDEF-0123-456789ABCDEF}.Release|x64.ActiveCfg = Release|Any CPU
		{A1234567-89AB-CDEF-0123-456789ABCDEF}.Release|x64.Build.0 = Release|Any CPU
		{A1234567-89AB-CDEF-0123-456789ABCDEF}.Setup_Debug|Any CPU.ActiveCfg = Debug|Any CPU
		{A1234567-89AB-CDEF-0123-456789ABCDEF}.Setup_Debug|Any CPU.Build.0 = Debug|Any CPU
		{A1234567-89AB-CDEF-0123-456789ABCDEF}.Setup_Debug|x64.ActiveCfg = Debug|Any CPU
		{A1234567-89AB-CDEF-0123-456789ABCDEF}.Setup_Debug|x64.Build.0 = Debug|Any CPU
		{A1234567-89AB-CDEF-0123-456789ABCDEF}.Setup_Release|Any CPU.ActiveCfg = Release|Any CPU
		{A1234567-89AB-CDEF-0123-456789ABCDEF}.Setup_Release|Any CPU.Build.0 = Release|Any CPU
		{A1234567-89AB-CDEF-0123-456789ABCDEF}.Setup_Release|x64.ActiveCfg = Release|Any CPU
		{A1234567-89AB-CDEF-0123-456789ABCDEF}.Setup_Release|x64.Build.0 = Release|Any CPU
		{B1234567-89AB-CDEF-0123-456789ABCDEF}.Debug|Any CPU.ActiveCfg = Debug|Any CPU
		{B1234567-89AB-CDEF-0123-456789ABCDEF}.Debug|Any CPU.Build.0 = Debug|Any CPU
		{B1234567-89AB-CDEF-0123-456789ABCDEF}.Debug|x64.ActiveCfg = Debug|Any CPU
		{B1234567-89AB-CDEF-0123-456789ABCDEF}.Debug|x64.Build.0 = Debug|Any CPU
		{B1234567-89AB-CDEF-0123-456789ABCDEF}.Release|Any CPU.ActiveCfg = Release|Any CPU
		{B1234567-89AB-CDEF-0123-456789ABCDEF}.Release|Any CPU.Build.0 = Release|Any CPU
		{B1234567-89AB-CDEF-0123-456789ABCDEF}.Release|x64.ActiveCfg = Release|Any CPU
		{B1234567-89AB-CDEF-0123-456789ABCDEF}.Release|x64.Build.0 = Release|Any CPU
		{B1234567-89AB-CDEF-0123-456789ABCDEF}.Setup_Debug|Any CPU.ActiveCfg = Debug|Any CPU
		{B1234567-89AB-CDEF-0123-456789ABCDEF}.Setup_Debug|Any CPU.Build.0 = Debug|Any CPU
		{B1234567-89AB-CDEF-0123-456789ABCDEF}.Setup_Debug|x64.ActiveCfg = Debug|Any CPU
		{B1234567-89AB-CDEF-0123-456789ABCDEF}.Setup_Debug|x64.Build.0 = Debug|Any CPU
		{B1234567-89AB-CDEF-0123-456789ABCDEF}.Setup_Release|Any CPU.ActiveCfg = Release|Any CPU
		{B1234567-89AB-CDEF-0123-456789ABCDEF}.Setup_Release|Any CPU.Build.0 = Release|Any CPU
		{B1234567-89AB-CDEF-0123-456789ABCDEF}.Setup_Release|x64.ActiveCfg = Release|Any CPU
		{B1234567-89AB-CDEF-0123-456789ABCDEF}.Setup_Release|x64.Build.0 = Release|Any CPU
	EndGlobalSection
	GlobalSection(SolutionProperties) = preSolution
		HideSolutionNode = FALSE
	EndGlobalSection
	GlobalSection(NestedProjects) = preSolution
		{2E351174-ED53-4E8A-A065-3E15A7E228B5} = {BB00515A-3CE5-4A0C-B9A2-BF3345153D87}
		{6C298CDF-2B64-4BE7-B9D4-449D5F30E57F} = {BB00515A-3CE5-4A0C-B9A2-BF3345153D87}
		{8ACFB772-98F3-48FE-85AE-3F06DA2EA60B} = {BB00515A-3CE5-4A0C-B9A2-BF3345153D87}
		{B214D482-57EB-42BE-AEC7-D64850F56514} = {BB00515A-3CE5-4A0C-B9A2-BF3345153D87}
		{FEB030F9-A44A-4C72-9C28-C8FA186995FB} = {BB00515A-3CE5-4A0C-B9A2-BF3345153D87}
	EndGlobalSection
	GlobalSection(ExtensibilityGlobals) = postSolution
		SolutionGuid = {5164F175-F218-4A36-91A3-21FB3E55F0BD}
	EndGlobalSection
EndGlobal
